PODS:
  - Alamofire (4.8.1)
  - ProgressHUD (2.51)
  - SwiftyJSON (4.2.0)

DEPENDENCIES:
  - Alamofire
  - ProgressHUD
  - SwiftyJSON (~> 4.0)

SPEC REPOS:
  https://github.com/cocoapods/specs.git:
    - Alamofire
    - ProgressHUD
    - SwiftyJSON

SPEC CHECKSUMS:
  Alamofire: 16ce2c353fb72865124ddae8a57c5942388f4f11
  ProgressHUD: 54b4c2fa202bf3da7dddc1c698ae4e6376333bd9
  SwiftyJSON: c4bcba26dd9ec7a027fc8eade48e2c911f229e96

PODFILE CHECKSUM: 885816ef2e8d05cc1742811d64873575033b824c

COCOAPODS: 1.6.0.beta.2
